
Microsoft Visual Studio Solution File, Format Version 12.00
# Visual Studio Version 17
VisualStudioVersion = 17.12.35707.178 d17.12
MinimumVisualStudioVersion = 10.0.40219.1
Project("{FAE04EC0-301F-11D3-BF4B-00C04F79EFBC}") = "VentasDB", "VentasDB\VentasDB.csproj", "{28D28B52-036B-457D-8D3C-0B2F9F04CCE4}"
EndProject
Project("{2150E333-8FDC-42A3-9474-1A3956D46DE8}") = "Elementos de la solución", "Elementos de la solución", "{6563AF4F-B920-459A-AE2C-5B801C672952}"
	ProjectSection(SolutionItems) = preProject
		Venta.cs = Venta.cs
	EndProjectSection
EndProject
Global
	GlobalSection(SolutionConfigurationPlatforms) = preSolution
		Debug|Any CPU = Debug|Any CPU
		Release|Any CPU = Release|Any CPU
	EndGlobalSection
	GlobalSection(ProjectConfigurationPlatforms) = postSolution
		{28D28B52-036B-457D-8D3C-0B2F9F04CCE4}.Debug|Any CPU.ActiveCfg = Debug|Any CPU
		{28D28B52-036B-457D-8D3C-0B2F9F04CCE4}.Debug|Any CPU.Build.0 = Debug|Any CPU
		{28D28B52-036B-457D-8D3C-0B2F9F04CCE4}.Release|Any CPU.ActiveCfg = Release|Any CPU
		{28D28B52-036B-457D-8D3C-0B2F9F04CCE4}.Release|Any CPU.Build.0 = Release|Any CPU
	EndGlobalSection
	GlobalSection(SolutionProperties) = preSolution
		HideSolutionNode = FALSE
	EndGlobalSection
EndGlobal
